
Microsoft Visual Studio Solution File, Format Version 12.00
# Visual Studio Version 17
VisualStudioVersion = 17.5.33516.290
MinimumVisualStudioVersion = 10.0.40219.1
Project("{FAE04EC0-301F-11D3-BF4B-00C04F79EFBC}") = "BH3浅层乐土", "BH3浅层乐土.csproj", "{A1797C55-F943-4E21-8A4A-0796458E4DDA}"
EndProject
Global
	GlobalSection(SolutionConfigurationPlatforms) = preSolution
		Debug|Any CPU = Debug|Any CPU
		Release|Any CPU = Release|Any CPU
	EndGlobalSection
	GlobalSection(ProjectConfigurationPlatforms) = postSolution
		{A1797C55-F943-4E21-8A4A-0796458E4DDA}.Debug|Any CPU.ActiveCfg = Debug|Any CPU
		{A1797C55-F943-4E21-8A4A-0796458E4DDA}.Debug|Any CPU.Build.0 = Debug|Any CPU
		{A1797C55-F943-4E21-8A4A-0796458E4DDA}.Release|Any CPU.ActiveCfg = Release|Any CPU
		{A1797C55-F943-4E21-8A4A-0796458E4DDA}.Release|Any CPU.Build.0 = Release|Any CPU
	EndGlobalSection
	GlobalSection(SolutionProperties) = preSolution
		HideSolutionNode = FALSE
	EndGlobalSection
	GlobalSection(ExtensibilityGlobals) = postSolution
		SolutionGuid = {0CF16A0B-5C5E-4450-9876-B51011023528}
	EndGlobalSection
EndGlobal
